
Microsoft Visual Studio Solution File, Format Version 12.00
# Visual Studio Version 16
VisualStudioVersion = 16.0.31624.102
MinimumVisualStudioVersion = 10.0.40219.1
Project("{FAE04EC0-301F-11D3-BF4B-00C04F79EFBC}") = "PizzeriaASP", "PizzeriaASP\PizzeriaASP.csproj", "{68B26D86-7C82-4CB8-9EE4-EBD17E955885}"
EndProject
Project("{FAE04EC0-301F-11D3-BF4B-00C04F79EFBC}") = "PizzeriaDAL", "PizzeriaDAL\PizzeriaDAL.csproj", "{B54B890C-3C8E-43E6-92F1-48DF4C2533CC}"
EndProject
Global
	GlobalSection(SolutionConfigurationPlatforms) = preSolution
		Debug|Any CPU = Debug|Any CPU
		Release|Any CPU = Release|Any CPU
	EndGlobalSection
	GlobalSection(ProjectConfigurationPlatforms) = postSolution
		{68B26D86-7C82-4CB8-9EE4-EBD17E955885}.Debug|Any CPU.ActiveCfg = Debug|Any CPU
		{68B26D86-7C82-4CB8-9EE4-EBD17E955885}.Debug|Any CPU.Build.0 = Debug|Any CPU
		{68B26D86-7C82-4CB8-9EE4-EBD17E955885}.Release|Any CPU.ActiveCfg = Release|Any CPU
		{68B26D86-7C82-4CB8-9EE4-EBD17E955885}.Release|Any CPU.Build.0 = Release|Any CPU
		{B54B890C-3C8E-43E6-92F1-48DF4C2533CC}.Debug|Any CPU.ActiveCfg = Debug|Any CPU
		{B54B890C-3C8E-43E6-92F1-48DF4C2533CC}.Debug|Any CPU.Build.0 = Debug|Any CPU
		{B54B890C-3C8E-43E6-92F1-48DF4C2533CC}.Release|Any CPU.ActiveCfg = Release|Any CPU
		{B54B890C-3C8E-43E6-92F1-48DF4C2533CC}.Release|Any CPU.Build.0 = Release|Any CPU
	EndGlobalSection
	GlobalSection(SolutionProperties) = preSolution
		HideSolutionNode = FALSE
	EndGlobalSection
	GlobalSection(ExtensibilityGlobals) = postSolution
		SolutionGuid = {BC63A9F1-1955-47CE-9578-A8280791740F}
	EndGlobalSection
EndGlobal
