
Microsoft Visual Studio Solution File, Format Version 12.00
# Visual Studio Version 16
VisualStudioVersion = 16.0.31410.357
MinimumVisualStudioVersion = 10.0.40219.1
Project("{FAE04EC0-301F-11D3-BF4B-00C04F79EFBC}") = "Pizzeria.ASP", "PizzeriaASP\Pizzeria.ASP.csproj", "{189C9E67-E41D-4BB5-97D3-E1F5AC06131C}"
EndProject
Project("{FAE04EC0-301F-11D3-BF4B-00C04F79EFBC}") = "Pizzeria.DAL", "Pizzeria.DAL\Pizzeria.DAL.csproj", "{813C1DE7-4AC5-45CA-A55B-A8B381611A1F}"
EndProject
Global
	GlobalSection(SolutionConfigurationPlatforms) = preSolution
		Debug|Any CPU = Debug|Any CPU
		Release|Any CPU = Release|Any CPU
	EndGlobalSection
	GlobalSection(ProjectConfigurationPlatforms) = postSolution
		{189C9E67-E41D-4BB5-97D3-E1F5AC06131C}.Debug|Any CPU.ActiveCfg = Debug|Any CPU
		{189C9E67-E41D-4BB5-97D3-E1F5AC06131C}.Debug|Any CPU.Build.0 = Debug|Any CPU
		{189C9E67-E41D-4BB5-97D3-E1F5AC06131C}.Release|Any CPU.ActiveCfg = Release|Any CPU
		{189C9E67-E41D-4BB5-97D3-E1F5AC06131C}.Release|Any CPU.Build.0 = Release|Any CPU
		{813C1DE7-4AC5-45CA-A55B-A8B381611A1F}.Debug|Any CPU.ActiveCfg = Debug|Any CPU
		{813C1DE7-4AC5-45CA-A55B-A8B381611A1F}.Debug|Any CPU.Build.0 = Debug|Any CPU
		{813C1DE7-4AC5-45CA-A55B-A8B381611A1F}.Release|Any CPU.ActiveCfg = Release|Any CPU
		{813C1DE7-4AC5-45CA-A55B-A8B381611A1F}.Release|Any CPU.Build.0 = Release|Any CPU
	EndGlobalSection
	GlobalSection(SolutionProperties) = preSolution
		HideSolutionNode = FALSE
	EndGlobalSection
	GlobalSection(ExtensibilityGlobals) = postSolution
		SolutionGuid = {234B2D6E-1606-4111-BDB4-67FEA57CC7EF}
	EndGlobalSection
EndGlobal
